
Microsoft Visual Studio Solution File, Format Version 12.00
# Visual Studio Version 17
VisualStudioVersion = 17.7.34031.279
MinimumVisualStudioVersion = 10.0.40219.1
Project("{FAE04EC0-301F-11D3-BF4B-00C04F79EFBC}") = "ProjectBanHang", "ProjectBanHang\ProjectBanHang.csproj", "{3555DA43-AFBE-4DFB-B024-A964B8185CEA}"
EndProject
Global
	GlobalSection(SolutionConfigurationPlatforms) = preSolution
		Debug|Any CPU = Debug|Any CPU
		Release|Any CPU = Release|Any CPU
	EndGlobalSection
	GlobalSection(ProjectConfigurationPlatforms) = postSolution
		{3555DA43-AFBE-4DFB-B024-A964B8185CEA}.Debug|Any CPU.ActiveCfg = Debug|Any CPU
		{3555DA43-AFBE-4DFB-B024-A964B8185CEA}.Debug|Any CPU.Build.0 = Debug|Any CPU
		{3555DA43-AFBE-4DFB-B024-A964B8185CEA}.Release|Any CPU.ActiveCfg = Release|Any CPU
		{3555DA43-AFBE-4DFB-B024-A964B8185CEA}.Release|Any CPU.Build.0 = Release|Any CPU
	EndGlobalSection
	GlobalSection(SolutionProperties) = preSolution
		HideSolutionNode = FALSE
	EndGlobalSection
	GlobalSection(ExtensibilityGlobals) = postSolution
		SolutionGuid = {72B768E2-A078-420B-8552-B6DBF0B67384}
	EndGlobalSection
EndGlobal
