
Microsoft Visual Studio Solution File, Format Version 12.00
# Visual Studio Version 17
VisualStudioVersion = 17.7.34031.279
MinimumVisualStudioVersion = 10.0.40219.1
Project("{FAE04EC0-301F-11D3-BF4B-00C04F79EFBC}") = "Project_BanHang", "Project_BanHang\Project_BanHang.csproj", "{F10405BE-6FA0-4495-B815-4DD395AB191F}"
EndProject
Global
	GlobalSection(SolutionConfigurationPlatforms) = preSolution
		Debug|Any CPU = Debug|Any CPU
		Release|Any CPU = Release|Any CPU
	EndGlobalSection
	GlobalSection(ProjectConfigurationPlatforms) = postSolution
		{F10405BE-6FA0-4495-B815-4DD395AB191F}.Debug|Any CPU.ActiveCfg = Debug|Any CPU
		{F10405BE-6FA0-4495-B815-4DD395AB191F}.Debug|Any CPU.Build.0 = Debug|Any CPU
		{F10405BE-6FA0-4495-B815-4DD395AB191F}.Release|Any CPU.ActiveCfg = Release|Any CPU
		{F10405BE-6FA0-4495-B815-4DD395AB191F}.Release|Any CPU.Build.0 = Release|Any CPU
	EndGlobalSection
	GlobalSection(SolutionProperties) = preSolution
		HideSolutionNode = FALSE
	EndGlobalSection
	GlobalSection(ExtensibilityGlobals) = postSolution
		SolutionGuid = {F1183225-24D9-49CF-BA06-FF0AE09E987E}
	EndGlobalSection
EndGlobal
